{
  "name": "demo",
  "lockfileVersion": 2,
  "requires": true,
  "packages": {
    "": {
      "name": "demo",
      "license": "MIT",
      "dependencies": {
        "node_console_ask": "git+https://github.com/deandevl/node_console_ask.git"
      }
    },
    "node_modules/node_console_ask": {
      "name": "@deandevlorg/node_console_ask",
      "version": "0.1.0",
      "resolved": "git+ssh://git@github.com/deandevl/node_console_ask.git#c431f6af04d55e59ca88aa603618dd49154d7253",
      "license": "MIT"
    }
  },
  "dependencies": {
    "node_console_ask": {
      "version": "git+ssh://git@github.com/deandevl/node_console_ask.git#c431f6af04d55e59ca88aa603618dd49154d7253",
      "from": "node_console_ask@git+https://github.com/deandevl/node_console_ask.git"
    }
  }
}
